<Solution>
  <Project Path="1-Sistema de control de notas/1-Sistema de control de notas.csproj" />
  <Project Path="2-Sistema de control de ventas/2-Sistema de control de ventas.csproj" />
  <Project Path="3-Utilidades matematicas/3-Utilidades matematicas.csproj" Id="8f7d749e-a250-4c60-b4a6-ee56242b3fc8" />
</Solution>
